{
  "requires": true,
  "lockfileVersion": 1,
  "dependencies": {
    "@ttskch/select2-bootstrap4-theme": {
      "version": "1.0.3",
      "resolved": "https://registry.npmjs.org/@ttskch/select2-bootstrap4-theme/-/select2-bootstrap4-theme-1.0.3.tgz",
      "integrity": "sha512-xCL5u+WKJIpc6DSUPwS+K9Fzpit0CpdeGjFAuLQV5crmeBbBZqEZVDBMi8SEG/LTGA4ZTkPk6miR9azFuERSrA=="
    }
  }
}
